
Microsoft Visual Studio Solution File, Format Version 12.00
# Visual Studio Version 17
VisualStudioVersion = 17.14.36623.8
MinimumVisualStudioVersion = 10.0.40219.1
Project("{2150E333-8FDC-42A3-9474-1A3956D46DE8}") = "Task 0", "Task 0", "{02EA681E-C7D8-13C7-8484-4AC65E1B71E8}"
EndProject
Project("{FAE04EC0-301F-11D3-BF4B-00C04F79EFBC}") = "Tyuiu.HaevGS.Sprint6.Task0.V2.Lib", "Tyuiu.HaevGS.Sprint6.Task0.V2.Lib\Tyuiu.HaevGS.Sprint6.Task0.V2.Lib.csproj", "{C4230DD0-DEE7-4B98-A6B8-9FF8A54AAB8E}"
EndProject
Project("{FAE04EC0-301F-11D3-BF4B-00C04F79EFBC}") = "Tyuiu.HaevGS.Sprint6.Task0.V2.Test", "Tyuiu.HaevGS.Sprint6.Task0.V2.Test\Tyuiu.HaevGS.Sprint6.Task0.V2.Test.csproj", "{3DE81BA6-A416-48E8-A4AC-572B83CFC9E7}"
EndProject
Project("{FAE04EC0-301F-11D3-BF4B-00C04F79EFBC}") = "Tyuiu.HaevGS.Sprint6.Task0.V2", "Tyuiu.HaevGS.Sprint6.Task0.V2\Tyuiu.HaevGS.Sprint6.Task0.V2.csproj", "{A000F167-05E5-482B-A574-4549C5E9E364}"
EndProject
Project("{2150E333-8FDC-42A3-9474-1A3956D46DE8}") = "Task 1", "Task 1", "{B0493159-9192-4F15-B20D-754D51E2AAAA}"
EndProject
Project("{FAE04EC0-301F-11D3-BF4B-00C04F79EFBC}") = "Tyuiu.HaevGS.Sprint6.Task1.V13", "Tyuiu.HaevGS.Sprint6.Task1.V13\Tyuiu.HaevGS.Sprint6.Task1.V13.csproj", "{FC07D4C4-C1E5-4317-8619-3E87F680A741}"
EndProject
Project("{FAE04EC0-301F-11D3-BF4B-00C04F79EFBC}") = "Tyuiu.HaevGS.Sprint6.Task1.V13.Lib", "Tyuiu.HaevGS.Sprint6.Task1.V13.Lib\Tyuiu.HaevGS.Sprint6.Task1.V13.Lib.csproj", "{637468DD-E8AC-4C5E-8B80-77339BAB2135}"
EndProject
Project("{FAE04EC0-301F-11D3-BF4B-00C04F79EFBC}") = "Tyuiu.HaevGS.Sprint6.Task1.V13.Test", "Tyuiu.HaevGS.Sprint6.Task1.V13.Test\Tyuiu.HaevGS.Sprint6.Task1.V13.Test.csproj", "{38B90D1A-0F23-42AD-9D08-2018D8D17B60}"
EndProject
Project("{2150E333-8FDC-42A3-9474-1A3956D46DE8}") = "Task 2", "Task 2", "{0DD4E317-C602-4763-BF74-866D2A01D999}"
EndProject
Project("{FAE04EC0-301F-11D3-BF4B-00C04F79EFBC}") = "Tyuiu.HaevGS.Sprint6.Task2.V23", "Tyuiu.HaevGS.Sprint6.Task2.V23\Tyuiu.HaevGS.Sprint6.Task2.V23.csproj", "{6C5B7FD1-39E3-45E5-916B-36612E37D63A}"
EndProject
Project("{FAE04EC0-301F-11D3-BF4B-00C04F79EFBC}") = "Tyuiu.HaevGS.Sprint6.Task2.V23.Lib", "Tyuiu.HaevGS.Sprint6.Task2.V23.Lib\Tyuiu.HaevGS.Sprint6.Task2.V23.Lib.csproj", "{49BCE585-3797-4E04-9A50-606D61DCAC68}"
EndProject
Project("{FAE04EC0-301F-11D3-BF4B-00C04F79EFBC}") = "Tyuiu.HaevGS.Sprint6.Task2.V23.Test", "Tyuiu.HaevGS.Sprint6.Task2.V23.Test\Tyuiu.HaevGS.Sprint6.Task2.V23.Test.csproj", "{109BAA4B-6089-43D2-8A9A-B5ACBF670D4A}"
EndProject
Project("{2150E333-8FDC-42A3-9474-1A3956D46DE8}") = "Task 3", "Task 3", "{1A56BB37-54B5-4793-B2BC-83B94B738699}"
EndProject
Project("{FAE04EC0-301F-11D3-BF4B-00C04F79EFBC}") = "Tyuiu.HaevGS.Sprint6.Task3.V27", "Tyuiu.HaevGS.Sprint6.Task3.V27\Tyuiu.HaevGS.Sprint6.Task3.V27.csproj", "{B9E904E7-9093-4CFF-BFD0-ADCB169C51CE}"
EndProject
Project("{FAE04EC0-301F-11D3-BF4B-00C04F79EFBC}") = "Tyuiu.HaevGS.Sprint6.Task3.V27.Lib", "Tyuiu.HaevGS.Sprint6.Task3.V27.Lib\Tyuiu.HaevGS.Sprint6.Task3.V27.Lib.csproj", "{E7D70B64-7A95-4595-A3E7-2F0AC38B1759}"
EndProject
Project("{FAE04EC0-301F-11D3-BF4B-00C04F79EFBC}") = "Tyuiu.HaevGS.Sprint6.Task3.V27.Test", "Tyuiu.HaevGS.Sprint6.Task3.V27.Test\Tyuiu.HaevGS.Sprint6.Task3.V27.Test.csproj", "{2404D9B9-E2AF-4E41-BEF4-FF06E43E1F46}"
EndProject
Project("{2150E333-8FDC-42A3-9474-1A3956D46DE8}") = "Task 4", "Task 4", "{9ACB2F89-A988-40E7-B43C-09116C0FACEF}"
EndProject
Project("{FAE04EC0-301F-11D3-BF4B-00C04F79EFBC}") = "Tyuiu.HaevGS.Sprint6.Task4.V15", "Tyuiu.HaevGS.Sprint6.Task4.V15\Tyuiu.HaevGS.Sprint6.Task4.V15.csproj", "{72840D89-8781-41BB-85D6-3999843A1D50}"
EndProject
Project("{FAE04EC0-301F-11D3-BF4B-00C04F79EFBC}") = "Tyuiu.HaevGS.Sprint6.Task4.V15.Lib", "Tyuiu.HaevGS.Sprint6.Task4.V15.Lib\Tyuiu.HaevGS.Sprint6.Task4.V15.Lib.csproj", "{973B2F24-9045-4E83-9B97-1035526DD997}"
EndProject
Project("{FAE04EC0-301F-11D3-BF4B-00C04F79EFBC}") = "Tyuiu.HaevGS.Sprint6.Task4.V15.Test", "Tyuiu.HaevGS.Sprint6.Task4.V15.Test\Tyuiu.HaevGS.Sprint6.Task4.V15.Test.csproj", "{EB7454E2-DB6F-40A9-AC67-A6EC04DE78B7}"
EndProject
Project("{2150E333-8FDC-42A3-9474-1A3956D46DE8}") = "Task 5", "Task 5", "{BCDF7FE1-78B0-4887-805B-91237E441130}"
EndProject
Project("{FAE04EC0-301F-11D3-BF4B-00C04F79EFBC}") = "Tyuiu.HaevGS.Sprint6.Task5.V12", "Tyuiu.HaevGS.Sprint6.Task5.V12\Tyuiu.HaevGS.Sprint6.Task5.V12.csproj", "{372BB945-EC9E-4D30-8A0E-2D4FA6CC8791}"
EndProject
Project("{FAE04EC0-301F-11D3-BF4B-00C04F79EFBC}") = "Tyuiu.HaevGS.Sprint6.Task5.V12.Lib", "Tyuiu.HaevGS.Sprint6.Task5.V12.Lib\Tyuiu.HaevGS.Sprint6.Task5.V12.Lib.csproj", "{7A095624-FD68-42C7-8838-EC3DA915A47C}"
EndProject
Project("{FAE04EC0-301F-11D3-BF4B-00C04F79EFBC}") = "Tyuiu.HaevGS.Sprint6.Task5.V12.Test", "Tyuiu.HaevGS.Sprint6.Task5.V12.Test\Tyuiu.HaevGS.Sprint6.Task5.V12.Test.csproj", "{C432BE1C-542D-41D6-8862-C506F609A0DC}"
EndProject
Project("{2150E333-8FDC-42A3-9474-1A3956D46DE8}") = "Task 6", "Task 6", "{85D9F90B-8879-4ACA-A0E0-8A8E13A4B077}"
EndProject
Project("{FAE04EC0-301F-11D3-BF4B-00C04F79EFBC}") = "Tyuiu.HaevGS.Sprint6.Task6.V29", "Tyuiu.HaevGS.Sprint6.Task6.V29\Tyuiu.HaevGS.Sprint6.Task6.V29.csproj", "{6333FCB2-BB85-4370-B83C-3B35671CE9C9}"
EndProject
Project("{FAE04EC0-301F-11D3-BF4B-00C04F79EFBC}") = "Tyuiu.HaevGS.Sprint6.Task6.V29.Lib", "Tyuiu.HaevGS.Sprint6.Task6.V29.Lib\Tyuiu.HaevGS.Sprint6.Task6.V29.Lib.csproj", "{8B56F8DE-EDCA-4AD4-84A1-BD978D88ECA8}"
EndProject
Project("{FAE04EC0-301F-11D3-BF4B-00C04F79EFBC}") = "Tyuiu.HaevGS.Sprint6.Task6.V29.Test", "Tyuiu.HaevGS.Sprint6.Task6.V29.Test\Tyuiu.HaevGS.Sprint6.Task6.V29.Test.csproj", "{D9C2589E-FD61-4D24-9334-FFAE4FFA9BC8}"
EndProject
Global
	GlobalSection(SolutionConfigurationPlatforms) = preSolution
		Debug|Any CPU = Debug|Any CPU
		Release|Any CPU = Release|Any CPU
	EndGlobalSection
	GlobalSection(ProjectConfigurationPlatforms) = postSolution
		{C4230DD0-DEE7-4B98-A6B8-9FF8A54AAB8E}.Debug|Any CPU.ActiveCfg = Debug|Any CPU
		{C4230DD0-DEE7-4B98-A6B8-9FF8A54AAB8E}.Debug|Any CPU.Build.0 = Debug|Any CPU
		{C4230DD0-DEE7-4B98-A6B8-9FF8A54AAB8E}.Release|Any CPU.ActiveCfg = Release|Any CPU
		{C4230DD0-DEE7-4B98-A6B8-9FF8A54AAB8E}.Release|Any CPU.Build.0 = Release|Any CPU
		{3DE81BA6-A416-48E8-A4AC-572B83CFC9E7}.Debug|Any CPU.ActiveCfg = Debug|Any CPU
		{3DE81BA6-A416-48E8-A4AC-572B83CFC9E7}.Debug|Any CPU.Build.0 = Debug|Any CPU
		{3DE81BA6-A416-48E8-A4AC-572B83CFC9E7}.Release|Any CPU.ActiveCfg = Release|Any CPU
		{3DE81BA6-A416-48E8-A4AC-572B83CFC9E7}.Release|Any CPU.Build.0 = Release|Any CPU
		{A000F167-05E5-482B-A574-4549C5E9E364}.Debug|Any CPU.ActiveCfg = Debug|Any CPU
		{A000F167-05E5-482B-A574-4549C5E9E364}.Debug|Any CPU.Build.0 = Debug|Any CPU
		{A000F167-05E5-482B-A574-4549C5E9E364}.Release|Any CPU.ActiveCfg = Release|Any CPU
		{A000F167-05E5-482B-A574-4549C5E9E364}.Release|Any CPU.Build.0 = Release|Any CPU
		{FC07D4C4-C1E5-4317-8619-3E87F680A741}.Debug|Any CPU.ActiveCfg = Debug|Any CPU
		{FC07D4C4-C1E5-4317-8619-3E87F680A741}.Debug|Any CPU.Build.0 = Debug|Any CPU
		{FC07D4C4-C1E5-4317-8619-3E87F680A741}.Release|Any CPU.ActiveCfg = Release|Any CPU
		{FC07D4C4-C1E5-4317-8619-3E87F680A741}.Release|Any CPU.Build.0 = Release|Any CPU
		{637468DD-E8AC-4C5E-8B80-77339BAB2135}.Debug|Any CPU.ActiveCfg = Debug|Any CPU
		{637468DD-E8AC-4C5E-8B80-77339BAB2135}.Debug|Any CPU.Build.0 = Debug|Any CPU
		{637468DD-E8AC-4C5E-8B80-77339BAB2135}.Release|Any CPU.ActiveCfg = Release|Any CPU
		{637468DD-E8AC-4C5E-8B80-77339BAB2135}.Release|Any CPU.Build.0 = Release|Any CPU
		{38B90D1A-0F23-42AD-9D08-2018D8D17B60}.Debug|Any CPU.ActiveCfg = Debug|Any CPU
		{38B90D1A-0F23-42AD-9D08-2018D8D17B60}.Debug|Any CPU.Build.0 = Debug|Any CPU
		{38B90D1A-0F23-42AD-9D08-2018D8D17B60}.Release|Any CPU.ActiveCfg = Release|Any CPU
		{38B90D1A-0F23-42AD-9D08-2018D8D17B60}.Release|Any CPU.Build.0 = Release|Any CPU
		{6C5B7FD1-39E3-45E5-916B-36612E37D63A}.Debug|Any CPU.ActiveCfg = Debug|Any CPU
		{6C5B7FD1-39E3-45E5-916B-36612E37D63A}.Debug|Any CPU.Build.0 = Debug|Any CPU
		{6C5B7FD1-39E3-45E5-916B-36612E37D63A}.Release|Any CPU.ActiveCfg = Release|Any CPU
		{6C5B7FD1-39E3-45E5-916B-36612E37D63A}.Release|Any CPU.Build.0 = Release|Any CPU
		{49BCE585-3797-4E04-9A50-606D61DCAC68}.Debug|Any CPU.ActiveCfg = Debug|Any CPU
		{49BCE585-3797-4E04-9A50-606D61DCAC68}.Debug|Any CPU.Build.0 = Debug|Any CPU
		{49BCE585-3797-4E04-9A50-606D61DCAC68}.Release|Any CPU.ActiveCfg = Release|Any CPU
		{49BCE585-3797-4E04-9A50-606D61DCAC68}.Release|Any CPU.Build.0 = Release|Any CPU
		{109BAA4B-6089-43D2-8A9A-B5ACBF670D4A}.Debug|Any CPU.ActiveCfg = Debug|Any CPU
		{109BAA4B-6089-43D2-8A9A-B5ACBF670D4A}.Debug|Any CPU.Build.0 = Debug|Any CPU
		{109BAA4B-6089-43D2-8A9A-B5ACBF670D4A}.Release|Any CPU.ActiveCfg = Release|Any CPU
		{109BAA4B-6089-43D2-8A9A-B5ACBF670D4A}.Release|Any CPU.Build.0 = Release|Any CPU
		{B9E904E7-9093-4CFF-BFD0-ADCB169C51CE}.Debug|Any CPU.ActiveCfg = Debug|Any CPU
		{B9E904E7-9093-4CFF-BFD0-ADCB169C51CE}.Debug|Any CPU.Build.0 = Debug|Any CPU
		{B9E904E7-9093-4CFF-BFD0-ADCB169C51CE}.Release|Any CPU.ActiveCfg = Release|Any CPU
		{B9E904E7-9093-4CFF-BFD0-ADCB169C51CE}.Release|Any CPU.Build.0 = Release|Any CPU
		{E7D70B64-7A95-4595-A3E7-2F0AC38B1759}.Debug|Any CPU.ActiveCfg = Debug|Any CPU
		{E7D70B64-7A95-4595-A3E7-2F0AC38B1759}.Debug|Any CPU.Build.0 = Debug|Any CPU
		{E7D70B64-7A95-4595-A3E7-2F0AC38B1759}.Release|Any CPU.ActiveCfg = Release|Any CPU
		{E7D70B64-7A95-4595-A3E7-2F0AC38B1759}.Release|Any CPU.Build.0 = Release|Any CPU
		{2404D9B9-E2AF-4E41-BEF4-FF06E43E1F46}.Debug|Any CPU.ActiveCfg = Debug|Any CPU
		{2404D9B9-E2AF-4E41-BEF4-FF06E43E1F46}.Debug|Any CPU.Build.0 = Debug|Any CPU
		{2404D9B9-E2AF-4E41-BEF4-FF06E43E1F46}.Release|Any CPU.ActiveCfg = Release|Any CPU
		{2404D9B9-E2AF-4E41-BEF4-FF06E43E1F46}.Release|Any CPU.Build.0 = Release|Any CPU
		{72840D89-8781-41BB-85D6-3999843A1D50}.Debug|Any CPU.ActiveCfg = Debug|Any CPU
		{72840D89-8781-41BB-85D6-3999843A1D50}.Debug|Any CPU.Build.0 = Debug|Any CPU
		{72840D89-8781-41BB-85D6-3999843A1D50}.Release|Any CPU.ActiveCfg = Release|Any CPU
		{72840D89-8781-41BB-85D6-3999843A1D50}.Release|Any CPU.Build.0 = Release|Any CPU
		{973B2F24-9045-4E83-9B97-1035526DD997}.Debug|Any CPU.ActiveCfg = Debug|Any CPU
		{973B2F24-9045-4E83-9B97-1035526DD997}.Debug|Any CPU.Build.0 = Debug|Any CPU
		{973B2F24-9045-4E83-9B97-1035526DD997}.Release|Any CPU.ActiveCfg = Release|Any CPU
		{973B2F24-9045-4E83-9B97-1035526DD997}.Release|Any CPU.Build.0 = Release|Any CPU
		{EB7454E2-DB6F-40A9-AC67-A6EC04DE78B7}.Debug|Any CPU.ActiveCfg = Debug|Any CPU
		{EB7454E2-DB6F-40A9-AC67-A6EC04DE78B7}.Debug|Any CPU.Build.0 = Debug|Any CPU
		{EB7454E2-DB6F-40A9-AC67-A6EC04DE78B7}.Release|Any CPU.ActiveCfg = Release|Any CPU
		{EB7454E2-DB6F-40A9-AC67-A6EC04DE78B7}.Release|Any CPU.Build.0 = Release|Any CPU
		{372BB945-EC9E-4D30-8A0E-2D4FA6CC8791}.Debug|Any CPU.ActiveCfg = Debug|Any CPU
		{372BB945-EC9E-4D30-8A0E-2D4FA6CC8791}.Debug|Any CPU.Build.0 = Debug|Any CPU
		{372BB945-EC9E-4D30-8A0E-2D4FA6CC8791}.Release|Any CPU.ActiveCfg = Release|Any CPU
		{372BB945-EC9E-4D30-8A0E-2D4FA6CC8791}.Release|Any CPU.Build.0 = Release|Any CPU
		{7A095624-FD68-42C7-8838-EC3DA915A47C}.Debug|Any CPU.ActiveCfg = Debug|Any CPU
		{7A095624-FD68-42C7-8838-EC3DA915A47C}.Debug|Any CPU.Build.0 = Debug|Any CPU
		{7A095624-FD68-42C7-8838-EC3DA915A47C}.Release|Any CPU.ActiveCfg = Release|Any CPU
		{7A095624-FD68-42C7-8838-EC3DA915A47C}.Release|Any CPU.Build.0 = Release|Any CPU
		{C432BE1C-542D-41D6-8862-C506F609A0DC}.Debug|Any CPU.ActiveCfg = Debug|Any CPU
		{C432BE1C-542D-41D6-8862-C506F609A0DC}.Debug|Any CPU.Build.0 = Debug|Any CPU
		{C432BE1C-542D-41D6-8862-C506F609A0DC}.Release|Any CPU.ActiveCfg = Release|Any CPU
		{C432BE1C-542D-41D6-8862-C506F609A0DC}.Release|Any CPU.Build.0 = Release|Any CPU
		{6333FCB2-BB85-4370-B83C-3B35671CE9C9}.Debug|Any CPU.ActiveCfg = Debug|Any CPU
		{6333FCB2-BB85-4370-B83C-3B35671CE9C9}.Debug|Any CPU.Build.0 = Debug|Any CPU
		{6333FCB2-BB85-4370-B83C-3B35671CE9C9}.Release|Any CPU.ActiveCfg = Release|Any CPU
		{6333FCB2-BB85-4370-B83C-3B35671CE9C9}.Release|Any CPU.Build.0 = Release|Any CPU
		{8B56F8DE-EDCA-4AD4-84A1-BD978D88ECA8}.Debug|Any CPU.ActiveCfg = Debug|Any CPU
		{8B56F8DE-EDCA-4AD4-84A1-BD978D88ECA8}.Debug|Any CPU.Build.0 = Debug|Any CPU
		{8B56F8DE-EDCA-4AD4-84A1-BD978D88ECA8}.Release|Any CPU.ActiveCfg = Release|Any CPU
		{8B56F8DE-EDCA-4AD4-84A1-BD978D88ECA8}.Release|Any CPU.Build.0 = Release|Any CPU
		{D9C2589E-FD61-4D24-9334-FFAE4FFA9BC8}.Debug|Any CPU.ActiveCfg = Debug|Any CPU
		{D9C2589E-FD61-4D24-9334-FFAE4FFA9BC8}.Debug|Any CPU.Build.0 = Debug|Any CPU
		{D9C2589E-FD61-4D24-9334-FFAE4FFA9BC8}.Release|Any CPU.ActiveCfg = Release|Any CPU
		{D9C2589E-FD61-4D24-9334-FFAE4FFA9BC8}.Release|Any CPU.Build.0 = Release|Any CPU
	EndGlobalSection
	GlobalSection(SolutionProperties) = preSolution
		HideSolutionNode = FALSE
	EndGlobalSection
	GlobalSection(NestedProjects) = preSolution
		{C4230DD0-DEE7-4B98-A6B8-9FF8A54AAB8E} = {02EA681E-C7D8-13C7-8484-4AC65E1B71E8}
		{3DE81BA6-A416-48E8-A4AC-572B83CFC9E7} = {02EA681E-C7D8-13C7-8484-4AC65E1B71E8}
		{A000F167-05E5-482B-A574-4549C5E9E364} = {02EA681E-C7D8-13C7-8484-4AC65E1B71E8}
		{FC07D4C4-C1E5-4317-8619-3E87F680A741} = {B0493159-9192-4F15-B20D-754D51E2AAAA}
		{637468DD-E8AC-4C5E-8B80-77339BAB2135} = {B0493159-9192-4F15-B20D-754D51E2AAAA}
		{38B90D1A-0F23-42AD-9D08-2018D8D17B60} = {B0493159-9192-4F15-B20D-754D51E2AAAA}
		{6C5B7FD1-39E3-45E5-916B-36612E37D63A} = {0DD4E317-C602-4763-BF74-866D2A01D999}
		{49BCE585-3797-4E04-9A50-606D61DCAC68} = {0DD4E317-C602-4763-BF74-866D2A01D999}
		{109BAA4B-6089-43D2-8A9A-B5ACBF670D4A} = {0DD4E317-C602-4763-BF74-866D2A01D999}
		{B9E904E7-9093-4CFF-BFD0-ADCB169C51CE} = {1A56BB37-54B5-4793-B2BC-83B94B738699}
		{E7D70B64-7A95-4595-A3E7-2F0AC38B1759} = {1A56BB37-54B5-4793-B2BC-83B94B738699}
		{2404D9B9-E2AF-4E41-BEF4-FF06E43E1F46} = {1A56BB37-54B5-4793-B2BC-83B94B738699}
		{72840D89-8781-41BB-85D6-3999843A1D50} = {9ACB2F89-A988-40E7-B43C-09116C0FACEF}
		{973B2F24-9045-4E83-9B97-1035526DD997} = {9ACB2F89-A988-40E7-B43C-09116C0FACEF}
		{EB7454E2-DB6F-40A9-AC67-A6EC04DE78B7} = {9ACB2F89-A988-40E7-B43C-09116C0FACEF}
		{372BB945-EC9E-4D30-8A0E-2D4FA6CC8791} = {BCDF7FE1-78B0-4887-805B-91237E441130}
		{7A095624-FD68-42C7-8838-EC3DA915A47C} = {BCDF7FE1-78B0-4887-805B-91237E441130}
		{C432BE1C-542D-41D6-8862-C506F609A0DC} = {BCDF7FE1-78B0-4887-805B-91237E441130}
		{6333FCB2-BB85-4370-B83C-3B35671CE9C9} = {85D9F90B-8879-4ACA-A0E0-8A8E13A4B077}
		{8B56F8DE-EDCA-4AD4-84A1-BD978D88ECA8} = {85D9F90B-8879-4ACA-A0E0-8A8E13A4B077}
		{D9C2589E-FD61-4D24-9334-FFAE4FFA9BC8} = {85D9F90B-8879-4ACA-A0E0-8A8E13A4B077}
	EndGlobalSection
	GlobalSection(ExtensibilityGlobals) = postSolution
		SolutionGuid = {6B0C5D59-7811-4D8C-9024-DE6F48C01A43}
	EndGlobalSection
EndGlobal
